
Microsoft Visual Studio Solution File, Format Version 11.00
# Visual Studio 2010
Project("{FAE04EC0-301F-11D3-BF4B-00C04F79EFBC}") = "MultimediasystemeAufgaben", "Assembly-CSharp.csproj", "{8B3FC2F7-332A-5B13-09A8-AF4F5E65DB34}"
EndProject
Project("{FAE04EC0-301F-11D3-BF4B-00C04F79EFBC}") = "MultimediasystemeAufgaben", "Assembly-CSharp-Editor.csproj", "{2C8A6652-EC9E-7B1C-7179-DECA0138A957}"
EndProject
Global
	GlobalSection(SolutionConfigurationPlatforms) = preSolution
		Debug|Any CPU = Debug|Any CPU
		Release|Any CPU = Release|Any CPU
	EndGlobalSection
	GlobalSection(ProjectConfigurationPlatforms) = postSolution
		{8B3FC2F7-332A-5B13-09A8-AF4F5E65DB34}.Debug|Any CPU.ActiveCfg = Debug|Any CPU
		{8B3FC2F7-332A-5B13-09A8-AF4F5E65DB34}.Debug|Any CPU.Build.0 = Debug|Any CPU
		{8B3FC2F7-332A-5B13-09A8-AF4F5E65DB34}.Release|Any CPU.ActiveCfg = Release|Any CPU
		{8B3FC2F7-332A-5B13-09A8-AF4F5E65DB34}.Release|Any CPU.Build.0 = Release|Any CPU
		{2C8A6652-EC9E-7B1C-7179-DECA0138A957}.Debug|Any CPU.ActiveCfg = Debug|Any CPU
		{2C8A6652-EC9E-7B1C-7179-DECA0138A957}.Debug|Any CPU.Build.0 = Debug|Any CPU
		{2C8A6652-EC9E-7B1C-7179-DECA0138A957}.Release|Any CPU.ActiveCfg = Release|Any CPU
		{2C8A6652-EC9E-7B1C-7179-DECA0138A957}.Release|Any CPU.Build.0 = Release|Any CPU
	EndGlobalSection
	GlobalSection(SolutionProperties) = preSolution
		HideSolutionNode = FALSE
	EndGlobalSection
	GlobalSection(MonoDevelopProperties) = preSolution
		StartupItem = Assembly-CSharp.csproj
	EndGlobalSection
EndGlobal
